
Microsoft Visual Studio Solution File, Format Version 12.00
# Visual Studio Version 16
VisualStudioVersion = 16.0.30204.135
MinimumVisualStudioVersion = 10.0.40219.1
Project("{FAE04EC0-301F-11D3-BF4B-00C04F79EFBC}") = "WebApiCosmosDbSample", "WebApiCosmosDbSample\WebApiCosmosDbSample.csproj", "{6A2499AF-51E1-4AB1-9102-52F26357D3A1}"
EndProject
Global
	GlobalSection(SolutionConfigurationPlatforms) = preSolution
		Debug|Any CPU = Debug|Any CPU
		Release|Any CPU = Release|Any CPU
	EndGlobalSection
	GlobalSection(ProjectConfigurationPlatforms) = postSolution
		{6A2499AF-51E1-4AB1-9102-52F26357D3A1}.Debug|Any CPU.ActiveCfg = Debug|Any CPU
		{6A2499AF-51E1-4AB1-9102-52F26357D3A1}.Debug|Any CPU.Build.0 = Debug|Any CPU
		{6A2499AF-51E1-4AB1-9102-52F26357D3A1}.Release|Any CPU.ActiveCfg = Release|Any CPU
		{6A2499AF-51E1-4AB1-9102-52F26357D3A1}.Release|Any CPU.Build.0 = Release|Any CPU
	EndGlobalSection
	GlobalSection(SolutionProperties) = preSolution
		HideSolutionNode = FALSE
	EndGlobalSection
	GlobalSection(ExtensibilityGlobals) = postSolution
		SolutionGuid = {BAC0BB3B-1AB1-4F18-84A2-E19859ADB6E5}
	EndGlobalSection
EndGlobal
